
Microsoft Visual Studio Solution File, Format Version 12.00
# Visual Studio Version 16
VisualStudioVersion = 16.0.28803.156
MinimumVisualStudioVersion = 10.0.40219.1
Project("{FAE04EC0-301F-11D3-BF4B-00C04F79EFBC}") = "COM3D2.PhotoModeDictionary.plugin", "COM3D2.PhotoModeDictionary.plugin\COM3D2.PhotoModeDictionary.plugin.csproj", "{74295B95-EA17-4D92-9F46-D7FB0A4B82A0}"
EndProject
Global
	GlobalSection(SolutionConfigurationPlatforms) = preSolution
		Debug|Any CPU = Debug|Any CPU
		Release|Any CPU = Release|Any CPU
	EndGlobalSection
	GlobalSection(ProjectConfigurationPlatforms) = postSolution
		{74295B95-EA17-4D92-9F46-D7FB0A4B82A0}.Debug|Any CPU.ActiveCfg = Debug|Any CPU
		{74295B95-EA17-4D92-9F46-D7FB0A4B82A0}.Debug|Any CPU.Build.0 = Debug|Any CPU
		{74295B95-EA17-4D92-9F46-D7FB0A4B82A0}.Release|Any CPU.ActiveCfg = Release|Any CPU
		{74295B95-EA17-4D92-9F46-D7FB0A4B82A0}.Release|Any CPU.Build.0 = Release|Any CPU
	EndGlobalSection
	GlobalSection(SolutionProperties) = preSolution
		HideSolutionNode = FALSE
	EndGlobalSection
	GlobalSection(ExtensibilityGlobals) = postSolution
		SolutionGuid = {DEE35AD1-3799-42D5-9305-8F1F0CC2DE34}
	EndGlobalSection
EndGlobal
